<Solution>
  <Project Path="Flights.Core/Flights.Core.csproj" Id="592305de-7952-4888-92c6-61aaff00a41a" />
  <Project Path="Flights.Crawler.Ita/Flights.Crawler.Ita.csproj" Id="fee32493-dfce-4543-9ab9-f609b8a7ad64" />
  <Project Path="Flights.Crawler.Job/Flights.Crawler.Job.csproj" />
  <Project Path="Flights.Crawler/Flights.Crawler.csproj" Id="611cbeea-6750-4612-8610-ac00fd678599" />
  <Project Path="Flights.Data/Flights.Data.csproj" Id="8cd0907c-2160-4df2-956e-bc05d3e96554" />
  <Project Path="Flights.Notifier.Job/Flights.Notifier.Job.csproj" />
</Solution>
